
Microsoft Visual Studio Solution File, Format Version 12.00
# Visual Studio 15
VisualStudioVersion = 15.0.27004.2005
MinimumVisualStudioVersion = 10.0.40219.1
Project("{FAE04EC0-301F-11D3-BF4B-00C04F79EFBC}") = "CarQueryWeb", "CarQueryWeb\CarQueryWeb.csproj", "{63D47486-654B-4D6F-A6D9-F534CA5CBEDD}"
EndProject
Global
	GlobalSection(SolutionConfigurationPlatforms) = preSolution
		Debug|Any CPU = Debug|Any CPU
		Release|Any CPU = Release|Any CPU
	EndGlobalSection
	GlobalSection(ProjectConfigurationPlatforms) = postSolution
		{63D47486-654B-4D6F-A6D9-F534CA5CBEDD}.Debug|Any CPU.ActiveCfg = Debug|Any CPU
		{63D47486-654B-4D6F-A6D9-F534CA5CBEDD}.Debug|Any CPU.Build.0 = Debug|Any CPU
		{63D47486-654B-4D6F-A6D9-F534CA5CBEDD}.Release|Any CPU.ActiveCfg = Release|Any CPU
		{63D47486-654B-4D6F-A6D9-F534CA5CBEDD}.Release|Any CPU.Build.0 = Release|Any CPU
	EndGlobalSection
	GlobalSection(SolutionProperties) = preSolution
		HideSolutionNode = FALSE
	EndGlobalSection
	GlobalSection(ExtensibilityGlobals) = postSolution
		SolutionGuid = {BB2A3846-1D79-4ECC-AE65-77B5DACD465F}
	EndGlobalSection
EndGlobal
